
Microsoft Visual Studio Solution File, Format Version 12.00
# Visual Studio Version 17
VisualStudioVersion = 17.14.36121.58
MinimumVisualStudioVersion = 10.0.40219.1
Project("{FAE04EC0-301F-11D3-BF4B-00C04F79EFBC}") = "UserAuthSystem", "UserAuthSystem\UserAuthSystem.csproj", "{D16A2E77-17A0-4407-A7DC-38D1338F957B}"
EndProject
Project("{FAE04EC0-301F-11D3-BF4B-00C04F79EFBC}") = "Domain", "Domain\Domain.csproj", "{76063A8F-25E2-4CC6-9D4C-C1A3F3E9E5BC}"
EndProject
Project("{FAE04EC0-301F-11D3-BF4B-00C04F79EFBC}") = "Infrasctructure", "Infrasctructure\Infrasctructure.csproj", "{BD23B8BD-8C5D-460F-A41F-F96052C954F1}"
EndProject
Project("{FAE04EC0-301F-11D3-BF4B-00C04F79EFBC}") = "Application", "Applications\Application.csproj", "{384B7C33-9BE8-47D3-B742-7B926A0174D2}"
EndProject
Project("{E53339B2-1760-4266-BCC7-CA923CBCF16C}") = "docker-compose", "docker-compose.dcproj", "{81DDED9D-158B-E303-5F62-77A2896D2A5A}"
EndProject
Global
	GlobalSection(SolutionConfigurationPlatforms) = preSolution
		Debug|Any CPU = Debug|Any CPU
		Release|Any CPU = Release|Any CPU
	EndGlobalSection
	GlobalSection(ProjectConfigurationPlatforms) = postSolution
		{D16A2E77-17A0-4407-A7DC-38D1338F957B}.Debug|Any CPU.ActiveCfg = Debug|Any CPU
		{D16A2E77-17A0-4407-A7DC-38D1338F957B}.Debug|Any CPU.Build.0 = Debug|Any CPU
		{D16A2E77-17A0-4407-A7DC-38D1338F957B}.Release|Any CPU.ActiveCfg = Release|Any CPU
		{D16A2E77-17A0-4407-A7DC-38D1338F957B}.Release|Any CPU.Build.0 = Release|Any CPU
		{76063A8F-25E2-4CC6-9D4C-C1A3F3E9E5BC}.Debug|Any CPU.ActiveCfg = Debug|Any CPU
		{76063A8F-25E2-4CC6-9D4C-C1A3F3E9E5BC}.Debug|Any CPU.Build.0 = Debug|Any CPU
		{76063A8F-25E2-4CC6-9D4C-C1A3F3E9E5BC}.Release|Any CPU.ActiveCfg = Release|Any CPU
		{76063A8F-25E2-4CC6-9D4C-C1A3F3E9E5BC}.Release|Any CPU.Build.0 = Release|Any CPU
		{BD23B8BD-8C5D-460F-A41F-F96052C954F1}.Debug|Any CPU.ActiveCfg = Debug|Any CPU
		{BD23B8BD-8C5D-460F-A41F-F96052C954F1}.Debug|Any CPU.Build.0 = Debug|Any CPU
		{BD23B8BD-8C5D-460F-A41F-F96052C954F1}.Release|Any CPU.ActiveCfg = Release|Any CPU
		{BD23B8BD-8C5D-460F-A41F-F96052C954F1}.Release|Any CPU.Build.0 = Release|Any CPU
		{384B7C33-9BE8-47D3-B742-7B926A0174D2}.Debug|Any CPU.ActiveCfg = Debug|Any CPU
		{384B7C33-9BE8-47D3-B742-7B926A0174D2}.Debug|Any CPU.Build.0 = Debug|Any CPU
		{384B7C33-9BE8-47D3-B742-7B926A0174D2}.Release|Any CPU.ActiveCfg = Release|Any CPU
		{384B7C33-9BE8-47D3-B742-7B926A0174D2}.Release|Any CPU.Build.0 = Release|Any CPU
		{81DDED9D-158B-E303-5F62-77A2896D2A5A}.Debug|Any CPU.ActiveCfg = Debug|Any CPU
		{81DDED9D-158B-E303-5F62-77A2896D2A5A}.Debug|Any CPU.Build.0 = Debug|Any CPU
		{81DDED9D-158B-E303-5F62-77A2896D2A5A}.Release|Any CPU.ActiveCfg = Release|Any CPU
		{81DDED9D-158B-E303-5F62-77A2896D2A5A}.Release|Any CPU.Build.0 = Release|Any CPU
	EndGlobalSection
	GlobalSection(SolutionProperties) = preSolution
		HideSolutionNode = FALSE
	EndGlobalSection
	GlobalSection(ExtensibilityGlobals) = postSolution
		SolutionGuid = {6EDCDCAB-D909-475D-B6BA-396C5A65A402}
	EndGlobalSection
EndGlobal
